
Microsoft Visual Studio Solution File, Format Version 12.00
# Visual Studio Version 17
VisualStudioVersion = 17.14.36301.6 d17.14
MinimumVisualStudioVersion = 10.0.40219.1
Project("{FAE04EC0-301F-11D3-BF4B-00C04F79EFBC}") = "DeepSigma.DataSeries", "DeepSigma.DataSeries.csproj", "{56D56C87-95A0-4E28-BA69-5FD1648B37D1}"
EndProject
Global
	GlobalSection(SolutionConfigurationPlatforms) = preSolution
		Debug|Any CPU = Debug|Any CPU
		Release|Any CPU = Release|Any CPU
	EndGlobalSection
	GlobalSection(ProjectConfigurationPlatforms) = postSolution
		{56D56C87-95A0-4E28-BA69-5FD1648B37D1}.Debug|Any CPU.ActiveCfg = Debug|Any CPU
		{56D56C87-95A0-4E28-BA69-5FD1648B37D1}.Debug|Any CPU.Build.0 = Debug|Any CPU
		{56D56C87-95A0-4E28-BA69-5FD1648B37D1}.Release|Any CPU.ActiveCfg = Release|Any CPU
		{56D56C87-95A0-4E28-BA69-5FD1648B37D1}.Release|Any CPU.Build.0 = Release|Any CPU
	EndGlobalSection
	GlobalSection(SolutionProperties) = preSolution
		HideSolutionNode = FALSE
	EndGlobalSection
	GlobalSection(ExtensibilityGlobals) = postSolution
		SolutionGuid = {62F0B962-A42B-4D00-A30A-F0A6B92050A4}
	EndGlobalSection
EndGlobal
